
Microsoft Visual Studio Solution File, Format Version 12.00
# Visual Studio Version 17
VisualStudioVersion = 17.13.35931.197 d17.13
MinimumVisualStudioVersion = 10.0.40219.1
Project("{FAE04EC0-301F-11D3-BF4B-00C04F79EFBC}") = "printer3d", "printer3d.csproj", "{A4D02132-22FC-4FA7-ACE8-2987AEEF9D93}"
EndProject
Project("{2150E333-8FDC-42A3-9474-1A3956D46DE8}") = "Motors", "Motors", "{02EA681E-C7D8-13C7-8484-4AC65E1B71E8}"
	ProjectSection(SolutionItems) = preProject
		Motor.cs = Motor.cs
		MotorX.cs = MotorX.cs
	EndProjectSection
EndProject
Global
	GlobalSection(SolutionConfigurationPlatforms) = preSolution
		Debug|Any CPU = Debug|Any CPU
		Release|Any CPU = Release|Any CPU
	EndGlobalSection
	GlobalSection(ProjectConfigurationPlatforms) = postSolution
		{A4D02132-22FC-4FA7-ACE8-2987AEEF9D93}.Debug|Any CPU.ActiveCfg = Debug|Any CPU
		{A4D02132-22FC-4FA7-ACE8-2987AEEF9D93}.Debug|Any CPU.Build.0 = Debug|Any CPU
		{A4D02132-22FC-4FA7-ACE8-2987AEEF9D93}.Release|Any CPU.ActiveCfg = Release|Any CPU
		{A4D02132-22FC-4FA7-ACE8-2987AEEF9D93}.Release|Any CPU.Build.0 = Release|Any CPU
	EndGlobalSection
	GlobalSection(SolutionProperties) = preSolution
		HideSolutionNode = FALSE
	EndGlobalSection
	GlobalSection(ExtensibilityGlobals) = postSolution
		SolutionGuid = {DBFF14CB-EE38-4487-8FFC-4ABB9695AB61}
	EndGlobalSection
EndGlobal
